
Microsoft Visual Studio Solution File, Format Version 12.00
# Visual Studio Version 16
VisualStudioVersion = 16.0.31729.503
MinimumVisualStudioVersion = 10.0.40219.1
Project("{FAE04EC0-301F-11D3-BF4B-00C04F79EFBC}") = "RoomService", "RoomService\RoomService.csproj", "{73CF4672-BFBC-4CCB-9DF7-9A4E708F60FB}"
EndProject
Global
	GlobalSection(SolutionConfigurationPlatforms) = preSolution
		Debug|Any CPU = Debug|Any CPU
		Release|Any CPU = Release|Any CPU
	EndGlobalSection
	GlobalSection(ProjectConfigurationPlatforms) = postSolution
		{73CF4672-BFBC-4CCB-9DF7-9A4E708F60FB}.Debug|Any CPU.ActiveCfg = Debug|Any CPU
		{73CF4672-BFBC-4CCB-9DF7-9A4E708F60FB}.Debug|Any CPU.Build.0 = Debug|Any CPU
		{73CF4672-BFBC-4CCB-9DF7-9A4E708F60FB}.Release|Any CPU.ActiveCfg = Release|Any CPU
		{73CF4672-BFBC-4CCB-9DF7-9A4E708F60FB}.Release|Any CPU.Build.0 = Release|Any CPU
	EndGlobalSection
	GlobalSection(SolutionProperties) = preSolution
		HideSolutionNode = FALSE
	EndGlobalSection
	GlobalSection(ExtensibilityGlobals) = postSolution
		SolutionGuid = {11AFE264-868A-4B75-ACB1-84A67662A420}
	EndGlobalSection
EndGlobal
